packages:
  axi_node:
    revision: null
    version: null
    source:
      Path: ../axi/axi_node
    dependencies:
    - common_cells
  common_cells:
    revision: null
    version: null
    source:
      Path: ../common_cells
    dependencies:
    - tech_cells_generic
  obi:
    revision: null
    version: null
    source:
      Path: ../obi
    dependencies:
    - common_cells
  register_interface:
    revision: null
    version: null
    source:
      Path: ../register_interface
    dependencies:
    - common_cells
  tech_cells_generic:
    revision: null
    version: null
    source:
      Path: ../tech_cells_generic
    dependencies: []
