packages:
  axi_node:
    revision: null
    version: null
    source:
      Path: ../axi/axi_node
    dependencies: []
  common_cells:
    revision: null
    version: null
    source:
      Path: ../common_cells
    dependencies: []
  obi:
    revision: ee35c37d599860fe62b1fcfccd4106d5233ab910
    version: null
    source:
      Git: https://github.com/FondazioneChipsIT/obi.git
    dependencies:
    - common_cells
  register_interface:
    revision: d2923e61038d494221c839655192cea7cb791b04
    version: null
    source:
      Git: https://github.com/FondazioneChipsIT/register_interface.git
    dependencies:
    - common_cells
